{
    "version": 3,
    "terraform_version": "0.11.10",
    "serial": 1,
    "lineage": "bf86f013-38bc-2a2e-f9a0-8f6c98e2fb1d",
    "modules": [
        {
            "path": [
                "root"
            ],
            "outputs": {
                "gcp_cluster_endpoint": {
                    "sensitive": false,
                    "type": "string",
                    "value": "35.203.155.122"
                },
                "gcp_cluster_name": {
                    "sensitive": false,
                    "type": "string",
                    "value": "ournewworld"
                },
                "gcp_ssh_command": {
                    "sensitive": false,
                    "type": "string",
                    "value": "ssh frankie@35.203.155.122"
                }
            },
            "resources": {
                "google_container_cluster.gcp_kubernetes": {
                    "type": "google_container_cluster",
                    "depends_on": [],
                    "primary": {
                        "id": "ournewworld",
                        "attributes": {
                            "additional_zones.#": "2",
                            "additional_zones.3926883567": "us-west1-b",
                            "additional_zones.4078194094": "us-west1-c",
                            "addons_config.#": "1",
                            "addons_config.0.horizontal_pod_autoscaling.#": "0",
                            "addons_config.0.http_load_balancing.#": "0",
                            "addons_config.0.kubernetes_dashboard.#": "1",
                            "addons_config.0.kubernetes_dashboard.0.disabled": "true",
                            "addons_config.0.network_policy_config.#": "1",
                            "addons_config.0.network_policy_config.0.disabled": "true",
                            "cluster_ipv4_cidr": "10.28.0.0/14",
                            "description": "",
                            "enable_binary_authorization": "false",
                            "enable_kubernetes_alpha": "false",
                            "enable_legacy_abac": "false",
                            "enable_tpu": "false",
                            "endpoint": "35.203.155.122",
                            "id": "ournewworld",
                            "initial_node_count": "1",
                            "instance_group_urls.#": "3",
                            "instance_group_urls.0": "https://www.googleapis.com/compute/v1/projects/sap-se-cx-sre-sdev/zones/us-west1-a/instanceGroups/gke-ournewworld-default-pool-a7d630cf-grp",
                            "instance_group_urls.1": "https://www.googleapis.com/compute/v1/projects/sap-se-cx-sre-sdev/zones/us-west1-b/instanceGroups/gke-ournewworld-default-pool-f9db8085-grp",
                            "instance_group_urls.2": "https://www.googleapis.com/compute/v1/projects/sap-se-cx-sre-sdev/zones/us-west1-c/instanceGroups/gke-ournewworld-default-pool-b466a2c3-grp",
                            "ip_allocation_policy.#": "0",
                            "logging_service": "logging.googleapis.com",
                            "maintenance_policy.#": "0",
                            "master_auth.#": "1",
                            "master_auth.0.client_certificate": "LS0tLS1CRUdJTiBDRVJUSUZJQ0FURS0tLS0tCk1JSUMyekNDQWNPZ0F3SUJBZ0lSQU1DVlJHTzRyeHhTSFBoUEJJOXdObnd3RFFZSktvWklodmNOQVFFTEJRQXcKTHpFdE1Dc0dBMVVFQXhNa01HTTROREl5WkdJdE1HWXpOQzAwTVRRM0xXRXlaVGN0TnpnelpEZGlNemxrWldNeApNQjRYRFRFNE1USXhOekUzTURZeU0xb1hEVEl6TVRJeE5qRTNNRFl5TTFvd0VURVBNQTBHQTFVRUF4TUdZMnhwClpXNTBNSUlCSWpBTkJna3Foa2lHOXcwQkFRRUZBQU9DQVE4QU1JSUJDZ0tDQVFFQXZ2cG0wakRDNHlJbk05UDYKWnlYMW5XRlhRSHdVNzlCeHBkZ1ZlVnRQVUx2MWp2RHBtdkxHbVlJOVJKVUFRdkJ0dDZJeHZ2V0xndGhlRHRoTgpvOHJ0WWlmWG0zTkZlOEg0aDc4R2NmR1JETE56K3V2dzNmVE5PRUxjR0xyK204ckQzWFYvUnJCcW5ndWZGR3M4CjZlYVVXbU04TDV3NjZsSGtJdnA2NnF6RWlZM3hRQ1hNQWFnZVQwM242bHEzdHRvRFV6WllNMFAxUVltdk8xZzMKU1ZNcHo2QXlWa1o4WG9vZWlIb3cyQ2dtYkpaWDJYLy9yejBHVlNOelNuaG5JK0w3U0RTV09uUXcvSjhyMW1kMwpoeU02eUovN293TVlWcDJKT2VCcW4xMkJpRXI5L1RxcGpHMXVnMTNxMVpWYWEwb3B6dVdKOEcxcWVvcTVpZVlrCkNkU250UUlEQVFBQm94QXdEakFNQmdOVkhSTUJBZjhFQWpBQU1BMEdDU3FHU0liM0RRRUJDd1VBQTRJQkFRQ0oKRTd4UElKSmpKYzYvU2w3bmpWRDZDMldhajQwcGVDdTdHeHFaeHNaa01FRTlHUUdYcHNvK0Vtd0gvNld1anpucAplQVgwbGpscVBHTlZkZklCbi9ZWlg4V1hHRFJVeldaSm9ZL1J2Q2ZNUjA3NTVBa25PdUk1K3c2eEIyK0NQdXlRCkxTWmZNZDJVSEo0djdYSzlIMUNwYUw5dWdLbk0wWVBGVXdiVktnalhDazFqUGh1aEdoelYwT2tlQ1ZLdWh3YzEKM25yTnFJV1pqZVpqNGI2OVhaa2dQZFJZYllzeG9jSzdFYXlMT1NyUEp6TGFjOGZxLzB6L0J1bmVobGJMdTZBMQpsMldDVlo5dmtyZ0NxUDltSk4xRzFuMmdJUWdrZ1NVY3Jvd3VRbytRNCtoa1VuclMybTNYNnFEWUhjK1JjcDVkCkxWZk4yVnV4aGFBWVdXRVU5UVJsCi0tLS0tRU5EIENFUlRJRklDQVRFLS0tLS0K",
                            "master_auth.0.client_certificate_config.#": "0",
                            "master_auth.0.client_key": "LS0tLS1CRUdJTiBSU0EgUFJJVkFURSBLRVktLS0tLQpNSUlFb2dJQkFBS0NBUUVBdnZwbTBqREM0eUluTTlQNlp5WDFuV0ZYUUh3VTc5QnhwZGdWZVZ0UFVMdjFqdkRwCm12TEdtWUk5UkpVQVF2QnR0Nkl4dnZXTGd0aGVEdGhObzhydFlpZlhtM05GZThINGg3OEdjZkdSRExOeit1dncKM2ZUTk9FTGNHTHIrbThyRDNYVi9SckJxbmd1ZkZHczg2ZWFVV21NOEw1dzY2bEhrSXZwNjZxekVpWTN4UUNYTQpBYWdlVDAzbjZscTN0dG9EVXpaWU0wUDFRWW12TzFnM1NWTXB6NkF5VmtaOFhvb2VpSG93MkNnbWJKWlgyWC8vCnJ6MEdWU056U25obkkrTDdTRFNXT25Rdy9KOHIxbWQzaHlNNnlKLzdvd01ZVnAySk9lQnFuMTJCaUVyOS9UcXAKakcxdWcxM3ExWlZhYTBvcHp1V0o4RzFxZW9xNWllWWtDZFNudFFJREFRQUJBb0lCQUNXblprVjBBc0RZdDRVQword0NDWGZweE9reEhDck83MCtTQWhiOWZMdlM2a25CajlKTXQ0ZFZiZGV3RE9zRjMrUkgzUXpxazNDUm90NmJTCnBBQXkzdm4yNUE1TXZIcnBwREJUakJoRUtqYW9YU293Z2RXcFVoc1JKNmNpbTFlcE0xUURPaHg4WlJFVE5vTEcKb0FSNEIzRUkxdEdHU3FGdmt2MElpTnFqUkw3ZjY0dHRlWVJabzBta1ZpR2RzcTVxVW53VVJ1Vmx5dFI5enVHWgpJREc5c2U0N2JqOGVMQ3ZscklGUmo0eWdsS2w1MTJnejBIOUMwZVpUMzhDWE9rNGx2VXNzVTlneVBodmxPU1pyCmNISTVzL2VWL0ZqQmpINEEzQW84RXZNZy95SkNPU0k3ZWEzZy9XdDk3V3ZFZkVUY25MRU1oVk56UFAraTV3eTMKWWRPekFXTUNnWUVBOHBzNDNGOGZlSnBheGhuNmxya2U1TG1IbDlaYkppNGxkVTY3VjRCdDF1YXVhL3VySStyOQowR1FlQ3EvcGIvN29EZzV1bUZvZkpTV284Q010Ulp3ZnNXdTQxMU9lMUFuMGlLZHRGc1pmdGhrR1BabVh6WEpsClB1QS8rVWw0TTRQNXZWSG1zNTFicHN6TTM5YnVnNGFWTkpmTlBLSktjZGpKODJGSmlKR0RpQnNDZ1lFQXlZV0QKYUt0bGhKcitYclQ0RktCUlM4aU5jQ2tsb0lXZjJsTFhudVMwUElPVVVvTTJodGJ5bUtLVW5aNld5bS80RWZ0cwpydWJSUG0xczBoaEpUT2s2RC9GYVZTQVJoQmYwdVNsNmZBOTd5UTBkSlhoYnI0dUdWclg4M0p6NDNTU25QNXcxCmxMQ1pXM04vQzZlUjk0SENLOStJSnh1K1lJbStMMVovWDdtNExHOENnWUFxRDJNaVFaT1JNeUY5cXM5WkJpc20KK0V0YnRad0QySWhCK0M1ZWt6TjN5SEtBNGhiZm1VUDd0di9HVm8wZ0Q0OW5zSFRZRVBmSlZ1Z2RDZHcxYjBYSApXcWVuSFNZeUdLKythVmh1VkdJUGpmTVpCdUhjaW5LbkhmVzVZRlZvaVA3cEphUGJpL0p4enB2T1N0TDdGb0FUCnFDVzYxMkFVc01NQ1lPR0F2Y21SOVFLQmdHVURzdm85cUJhUFp1QnNVRXB1ampHeHB3eEk0OTZSL0s0QWhxclUKTTNCOStGUmdCMjRSd3VzMTI4OGlscTJFOE5GNnVXRDJ2SDVSZFpIZXNLZUg1UjNtdW9RZkhnaWJ4WVVuUUlsOQpiV3c3VVpmZHUvL0RyYVE3ZHpQU3o0QnloZytCcXU0TWsrTGVneG1CZHM2ZFVZcVNjdm8va3U5clBGVVlRNkxsClFtZXJBb0dBTENPY2VpOTdaRy9udENBNWV3WHFCOEdzSTBEOHU5b1ZiQThLQTNZWWtWVkFyRmtGWFZaZzBCYXYKbUZER3Fob1NLN2w2a2hwZWhSV1BtcFNBTi9vZjdlMVlwMG1SRUo5VVFDczExVVNnQS9oQ0RzRkFOL3Q5Y0wvMwpQOXk1ckpyUnpQTFVmTWRjRHVxL2hSR2dGdzF2STV3WkJIemZrdWpzeks2cEluRFp1V0E9Ci0tLS0tRU5EIFJTQSBQUklWQVRFIEtFWS0tLS0tCg==",
                            "master_auth.0.cluster_ca_certificate": "LS0tLS1CRUdJTiBDRVJUSUZJQ0FURS0tLS0tCk1JSURDekNDQWZPZ0F3SUJBZ0lRQjFVdGNrNmVGWHNjd0diUktxemVDekFOQmdrcWhraUc5dzBCQVFzRkFEQXYKTVMwd0t3WURWUVFERXlRd1l6ZzBNakprWWkwd1pqTTBMVFF4TkRjdFlUSmxOeTAzT0ROa04ySXpPV1JsWXpFdwpIaGNOTVRneE1qRTNNVFl3TmpJeVdoY05Nak14TWpFMk1UY3dOakl5V2pBdk1TMHdLd1lEVlFRREV5UXdZemcwCk1qSmtZaTB3WmpNMExUUXhORGN0WVRKbE55MDNPRE5rTjJJek9XUmxZekV3Z2dFaU1BMEdDU3FHU0liM0RRRUIKQVFVQUE0SUJEd0F3Z2dFS0FvSUJBUURYQUowSE5MTm0yU2psVDBZVHFCeDhMamxpaS91VVZxSUVTT1hJNWZmQgoxRS94NGRZTk1MQy8zWk80SXpBNzZMdmxEcExiNEo4QkxRNmhIb1krbG9sZnA0d1lNdkdVMXpvbEhITFR1YWFyCktFYTNYenVVZTBML1FmNGt5cHlQOHZlR2hWZDBwcWJNcGxVb0NpUVhSeHJqa09uVnpZeFZXWGNVaGJJTzN5TDUKZHpReVdhZkhkS3pDL2hRYTRFbWtWTlVNRjd4azNCQkJHZG5hWm15TEFrdzI0NklEZnl5ODc1TVdiMlVubUh6TwpTU01uZmFNcG1VV0FERW01a3RBVnQyS2dBUDJNcXE4TEoxMWlJT3hMYmEyN0lwN252TlRqaUlUREtYVnk1R3dtClVNREFHNEFsTnlmbnc5cHRWK3d4Qk9xSlVkZWZmNDM2ZHBmMFpxKzZ5R1gzQWdNQkFBR2pJekFoTUE0R0ExVWQKRHdFQi93UUVBd0lDQkRBUEJnTlZIUk1CQWY4RUJUQURBUUgvTUEwR0NTcUdTSWIzRFFFQkN3VUFBNElCQVFDZApzUlBnbFloN25DWEQwMTVOSTQwWW1rUmtYcmcveXphcFNxSUkycFJiYXV0UTFqVUVpY1cxb0duZ0pGQ25Qd1VyClBST3pSbVFROXhmdDdhZ3BhQkMxd0UyNnhjc2c3QXFlZUZlaFUrSWNTb2xCNElKVUpxL2pkRVgwNHFCc2E2MFgKR2xlU1plWXFDQTZnOHJsMDU1bjliWUw4QkYzR2ZHeXd1K2tFRzhrSWpaV25oMFVIZ1VtVGxsNXFYZDNNbTRLbwp3R1RGL05LRXFEdGREYkRuQnlWSFhRdVI1bDFTbU9lb0d3U0phNmd4ekxOZ2FTWnQ4cWJDVkk1dGEwaVpmQWJYClpBOUFnWjhKRm5hWURLdHdzWVlYU01sTVIzeE51Q0tXREpobndlY0I2N1dXaCtwanlpcE1CbWEzODFFaUxxRlMKUWZZeXJjMkczYXcxSzZ0UURZTmkKLS0tLS1FTkQgQ0VSVElGSUNBVEUtLS0tLQo=",
                            "master_auth.0.password": "supersecretpassword}",
                            "master_auth.0.username": "frankie",
                            "master_authorized_networks_config.#": "0",
                            "master_ipv4_cidr_block": "",
                            "master_version": "1.10.9-gke.5",
                            "monitoring_service": "monitoring.googleapis.com",
                            "name": "ournewworld",
                            "network": "projects/sap-se-cx-sre-sdev/global/networks/default",
                            "network_policy.#": "1",
                            "network_policy.0.enabled": "false",
                            "network_policy.0.provider": "PROVIDER_UNSPECIFIED",
                            "node_config.#": "1",
                            "node_config.0.disk_size_gb": "100",
                            "node_config.0.disk_type": "pd-standard",
                            "node_config.0.guest_accelerator.#": "0",
                            "node_config.0.image_type": "COS",
                            "node_config.0.labels.%": "1",
                            "node_config.0.labels.this-is-for": "dev-cluster",
                            "node_config.0.local_ssd_count": "0",
                            "node_config.0.machine_type": "n1-standard-1",
                            "node_config.0.metadata.%": "0",
                            "node_config.0.min_cpu_platform": "",
                            "node_config.0.oauth_scopes.#": "4",
                            "node_config.0.oauth_scopes.1277378754": "https://www.googleapis.com/auth/monitoring",
                            "node_config.0.oauth_scopes.1632638332": "https://www.googleapis.com/auth/devstorage.read_only",
                            "node_config.0.oauth_scopes.172152165": "https://www.googleapis.com/auth/logging.write",
                            "node_config.0.oauth_scopes.299962681": "https://www.googleapis.com/auth/compute",
                            "node_config.0.preemptible": "false",
                            "node_config.0.service_account": "default",
                            "node_config.0.tags.#": "2",
                            "node_config.0.tags.0": "dev",
                            "node_config.0.tags.1": "work",
                            "node_config.0.taint.#": "0",
                            "node_config.0.workload_metadata_config.#": "0",
                            "node_pool.#": "1",
                            "node_pool.0.autoscaling.#": "0",
                            "node_pool.0.initial_node_count": "1",
                            "node_pool.0.instance_group_urls.#": "3",
                            "node_pool.0.instance_group_urls.0": "https://www.googleapis.com/compute/v1/projects/sap-se-cx-sre-sdev/zones/us-west1-a/instanceGroupManagers/gke-ournewworld-default-pool-a7d630cf-grp",
                            "node_pool.0.instance_group_urls.1": "https://www.googleapis.com/compute/v1/projects/sap-se-cx-sre-sdev/zones/us-west1-b/instanceGroupManagers/gke-ournewworld-default-pool-f9db8085-grp",
                            "node_pool.0.instance_group_urls.2": "https://www.googleapis.com/compute/v1/projects/sap-se-cx-sre-sdev/zones/us-west1-c/instanceGroupManagers/gke-ournewworld-default-pool-b466a2c3-grp",
                            "node_pool.0.management.#": "1",
                            "node_pool.0.management.0.auto_repair": "false",
                            "node_pool.0.management.0.auto_upgrade": "false",
                            "node_pool.0.max_pods_per_node": "0",
                            "node_pool.0.name": "default-pool",
                            "node_pool.0.name_prefix": "",
                            "node_pool.0.node_config.#": "1",
                            "node_pool.0.node_config.0.disk_size_gb": "100",
                            "node_pool.0.node_config.0.disk_type": "pd-standard",
                            "node_pool.0.node_config.0.guest_accelerator.#": "0",
                            "node_pool.0.node_config.0.image_type": "COS",
                            "node_pool.0.node_config.0.labels.%": "1",
                            "node_pool.0.node_config.0.labels.this-is-for": "dev-cluster",
                            "node_pool.0.node_config.0.local_ssd_count": "0",
                            "node_pool.0.node_config.0.machine_type": "n1-standard-1",
                            "node_pool.0.node_config.0.metadata.%": "0",
                            "node_pool.0.node_config.0.min_cpu_platform": "",
                            "node_pool.0.node_config.0.oauth_scopes.#": "4",
                            "node_pool.0.node_config.0.oauth_scopes.1277378754": "https://www.googleapis.com/auth/monitoring",
                            "node_pool.0.node_config.0.oauth_scopes.1632638332": "https://www.googleapis.com/auth/devstorage.read_only",
                            "node_pool.0.node_config.0.oauth_scopes.172152165": "https://www.googleapis.com/auth/logging.write",
                            "node_pool.0.node_config.0.oauth_scopes.299962681": "https://www.googleapis.com/auth/compute",
                            "node_pool.0.node_config.0.preemptible": "false",
                            "node_pool.0.node_config.0.service_account": "default",
                            "node_pool.0.node_config.0.tags.#": "2",
                            "node_pool.0.node_config.0.tags.0": "dev",
                            "node_pool.0.node_config.0.tags.1": "work",
                            "node_pool.0.node_config.0.taint.#": "0",
                            "node_pool.0.node_config.0.workload_metadata_config.#": "0",
                            "node_pool.0.node_count": "1",
                            "node_pool.0.version": "1.10.9-gke.5",
                            "node_version": "1.10.9-gke.5",
                            "pod_security_policy_config.#": "0",
                            "private_cluster": "false",
                            "project": "sap-se-cx-sre-sdev",
                            "resource_labels.%": "0",
                            "subnetwork": "projects/sap-se-cx-sre-sdev/regions/us-west1/subnetworks/default",
                            "zone": "us-west1-a"
                        },
                        "meta": {
                            "e2bfb730-ecaa-11e6-8f88-34363bc7c4c0": {
                                "create": 1800000000000,
                                "delete": 1800000000000,
                                "update": 600000000000
                            },
                            "schema_version": "1"
                        },
                        "tainted": false
                    },
                    "deposed": [],
                    "provider": "provider.google"
                }
            },
            "depends_on": []
        }
    ]
}
